
Microsoft Visual Studio Solution File, Format Version 12.00
# Visual Studio Version 17
VisualStudioVersion = 17.12.35728.132
MinimumVisualStudioVersion = 10.0.40219.1
Project("{FAE04EC0-301F-11D3-BF4B-00C04F79EFBC}") = "CS_PortScan", "CS_PortScan\CS_PortScan.csproj", "{699734BD-B92F-4B1E-BF23-2039E2BA79C6}"
EndProject
Project("{FAE04EC0-301F-11D3-BF4B-00C04F79EFBC}") = "CS_PortScanCore", "CS_PortScanCore\CS_PortScanCore.csproj", "{231C33E9-4052-4240-A424-FDBE56F71FF3}"
EndProject
Project("{FAE04EC0-301F-11D3-BF4B-00C04F79EFBC}") = "PortScanCmd", "CS_PortScanCoreCmd\PortScanCmd.csproj", "{7FD753FB-4A7E-40D8-BF6B-9C49D999437E}"
EndProject
Global
	GlobalSection(SolutionConfigurationPlatforms) = preSolution
		Debug|Any CPU = Debug|Any CPU
		Release|Any CPU = Release|Any CPU
	EndGlobalSection
	GlobalSection(ProjectConfigurationPlatforms) = postSolution
		{699734BD-B92F-4B1E-BF23-2039E2BA79C6}.Debug|Any CPU.ActiveCfg = Debug|Any CPU
		{699734BD-B92F-4B1E-BF23-2039E2BA79C6}.Debug|Any CPU.Build.0 = Debug|Any CPU
		{699734BD-B92F-4B1E-BF23-2039E2BA79C6}.Release|Any CPU.ActiveCfg = Release|Any CPU
		{699734BD-B92F-4B1E-BF23-2039E2BA79C6}.Release|Any CPU.Build.0 = Release|Any CPU
		{231C33E9-4052-4240-A424-FDBE56F71FF3}.Debug|Any CPU.ActiveCfg = Debug|Any CPU
		{231C33E9-4052-4240-A424-FDBE56F71FF3}.Debug|Any CPU.Build.0 = Debug|Any CPU
		{231C33E9-4052-4240-A424-FDBE56F71FF3}.Release|Any CPU.ActiveCfg = Release|Any CPU
		{231C33E9-4052-4240-A424-FDBE56F71FF3}.Release|Any CPU.Build.0 = Release|Any CPU
		{7FD753FB-4A7E-40D8-BF6B-9C49D999437E}.Debug|Any CPU.ActiveCfg = Debug|Any CPU
		{7FD753FB-4A7E-40D8-BF6B-9C49D999437E}.Debug|Any CPU.Build.0 = Debug|Any CPU
		{7FD753FB-4A7E-40D8-BF6B-9C49D999437E}.Release|Any CPU.ActiveCfg = Release|Any CPU
		{7FD753FB-4A7E-40D8-BF6B-9C49D999437E}.Release|Any CPU.Build.0 = Release|Any CPU
	EndGlobalSection
	GlobalSection(SolutionProperties) = preSolution
		HideSolutionNode = FALSE
	EndGlobalSection
EndGlobal
